
Microsoft Visual Studio Solution File, Format Version 12.00
# Visual Studio Version 17
VisualStudioVersion = 17.11.35312.102
MinimumVisualStudioVersion = 10.0.40219.1
Project("{FAE04EC0-301F-11D3-BF4B-00C04F79EFBC}") = "blazor_frontend", "blazor_frontend\blazor_frontend.csproj", "{367A502E-6389-4E55-B2F8-A3130C25FAEE}"
EndProject
Global
	GlobalSection(SolutionConfigurationPlatforms) = preSolution
		Debug|Any CPU = Debug|Any CPU
		Release|Any CPU = Release|Any CPU
	EndGlobalSection
	GlobalSection(ProjectConfigurationPlatforms) = postSolution
		{367A502E-6389-4E55-B2F8-A3130C25FAEE}.Debug|Any CPU.ActiveCfg = Debug|Any CPU
		{367A502E-6389-4E55-B2F8-A3130C25FAEE}.Debug|Any CPU.Build.0 = Debug|Any CPU
		{367A502E-6389-4E55-B2F8-A3130C25FAEE}.Release|Any CPU.ActiveCfg = Release|Any CPU
		{367A502E-6389-4E55-B2F8-A3130C25FAEE}.Release|Any CPU.Build.0 = Release|Any CPU
	EndGlobalSection
	GlobalSection(SolutionProperties) = preSolution
		HideSolutionNode = FALSE
	EndGlobalSection
	GlobalSection(ExtensibilityGlobals) = postSolution
		SolutionGuid = {BF451F98-3C30-400B-A29E-E7894FC90B45}
	EndGlobalSection
EndGlobal
