
Microsoft Visual Studio Solution File, Format Version 12.00
# Visual Studio Version 17
VisualStudioVersion = 17.11.35312.102
MinimumVisualStudioVersion = 10.0.40219.1
Project("{FAE04EC0-301F-11D3-BF4B-00C04F79EFBC}") = "esports", "esports\esports.csproj", "{EBC6B594-B7BE-4621-BE3B-D65231341F26}"
EndProject
Project("{E53339B2-1760-4266-BCC7-CA923CBCF16C}") = "docker-compose", "docker-compose.dcproj", "{3752FC4A-19CB-43E4-BE77-022CA8E2DB1F}"
EndProject
Global
	GlobalSection(SolutionConfigurationPlatforms) = preSolution
		Debug|Any CPU = Debug|Any CPU
		Release|Any CPU = Release|Any CPU
	EndGlobalSection
	GlobalSection(ProjectConfigurationPlatforms) = postSolution
		{EBC6B594-B7BE-4621-BE3B-D65231341F26}.Debug|Any CPU.ActiveCfg = Debug|Any CPU
		{EBC6B594-B7BE-4621-BE3B-D65231341F26}.Debug|Any CPU.Build.0 = Debug|Any CPU
		{EBC6B594-B7BE-4621-BE3B-D65231341F26}.Release|Any CPU.ActiveCfg = Release|Any CPU
		{EBC6B594-B7BE-4621-BE3B-D65231341F26}.Release|Any CPU.Build.0 = Release|Any CPU
		{3752FC4A-19CB-43E4-BE77-022CA8E2DB1F}.Debug|Any CPU.ActiveCfg = Debug|Any CPU
		{3752FC4A-19CB-43E4-BE77-022CA8E2DB1F}.Debug|Any CPU.Build.0 = Debug|Any CPU
		{3752FC4A-19CB-43E4-BE77-022CA8E2DB1F}.Release|Any CPU.ActiveCfg = Release|Any CPU
		{3752FC4A-19CB-43E4-BE77-022CA8E2DB1F}.Release|Any CPU.Build.0 = Release|Any CPU
	EndGlobalSection
	GlobalSection(SolutionProperties) = preSolution
		HideSolutionNode = FALSE
	EndGlobalSection
	GlobalSection(ExtensibilityGlobals) = postSolution
		SolutionGuid = {6E62E321-67DC-48F7-9DD5-92547A2AA393}
	EndGlobalSection
EndGlobal
